{
  "version": 4,
  "terraform_version": "1.11.4",
  "serial": 181,
  "lineage": "7dd5c0b5-1e20-c01b-4b6a-c7ed999f603b",
  "outputs": {
    "fuzzer_ip": {
      "value": "91.99.142.148",
      "type": "string"
    }
  },
  "resources": [
    {
      "mode": "data",
      "type": "hcloud_datacenter",
      "name": "nuremberg",
      "provider": "provider[\"registry.terraform.io/hetznercloud/hcloud\"]",
      "instances": [
        {
          "schema_version": 0,
          "attributes": {
            "available_server_type_ids": [
              22,
              23,
              24,
              25,
              26,
              45,
              96,
              97,
              98,
              99,
              100,
              101,
              104
            ],
            "description": "Nuremberg 1 virtual DC 3",
            "id": 2,
            "location": {
              "city": "Nuremberg",
              "country": "DE",
              "description": "Nuremberg DC Park 1",
              "id": "2",
              "latitude": "49.452102",
              "longitude": "11.076665",
              "name": "nbg1"
            },
            "name": "nbg1-dc3",
            "supported_server_type_ids": [
              22,
              23,
              24,
              25,
              26,
              45,
              93,
              94,
              95,
              96,
              97,
              98,
              99,
              100,
              101,
              104,
              105,
              106,
              107
            ]
          },
          "sensitive_attributes": []
        }
      ]
    },
    {
      "mode": "data",
      "type": "hcloud_ssh_key",
      "name": "github",
      "provider": "provider[\"registry.terraform.io/hetznercloud/hcloud\"]",
      "instances": [
        {
          "schema_version": 0,
          "attributes": {
            "fingerprint": "4e:2a:0c:fb:4f:ba:e1:c8:eb:6e:a9:b8:1a:91:f1:16",
            "id": 14911648,
            "labels": {},
            "name": "GITHUB ACTIONS",
            "public_key": "ssh-ed25519 AAAAC3NzaC1lZDI1NTE5AAAAIKordTXNkJUVLxfpynBvuGxt9cgCD8I/3oZ+6o1WkYL6",
            "selector": null,
            "with_selector": null
          },
          "sensitive_attributes": []
        }
      ]
    },
    {
      "mode": "managed",
      "type": "hcloud_firewall",
      "name": "fuzzer",
      "provider": "provider[\"registry.terraform.io/hetznercloud/hcloud\"]",
      "instances": [
        {
          "schema_version": 0,
          "attributes": {
            "apply_to": [],
            "id": "2203876",
            "labels": {},
            "name": "fuzzer-firewall",
            "rule": [
              {
                "description": "",
                "destination_ips": [],
                "direction": "in",
                "port": "",
                "protocol": "icmp",
                "source_ips": [
                  "0.0.0.0/0",
                  "::/0"
                ]
              },
              {
                "description": "",
                "destination_ips": [],
                "direction": "in",
                "port": "22",
                "protocol": "tcp",
                "source_ips": [
                  "0.0.0.0/0",
                  "::/0"
                ]
              },
              {
                "description": "",
                "destination_ips": [],
                "direction": "in",
                "port": "443",
                "protocol": "tcp",
                "source_ips": [
                  "0.0.0.0/0",
                  "::/0"
                ]
              },
              {
                "description": "",
                "destination_ips": [],
                "direction": "in",
                "port": "80",
                "protocol": "tcp",
                "source_ips": [
                  "0.0.0.0/0",
                  "::/0"
                ]
              }
            ]
          },
          "sensitive_attributes": [],
          "private": "bnVsbA=="
        }
      ]
    },
    {
      "mode": "managed",
      "type": "hcloud_primary_ip",
      "name": "fuzzer",
      "provider": "provider[\"registry.terraform.io/hetznercloud/hcloud\"]",
      "instances": [
        {
          "schema_version": 0,
          "attributes": {
            "assignee_id": 0,
            "assignee_type": "server",
            "auto_delete": true,
            "datacenter": "nbg1-dc3",
            "delete_protection": false,
            "id": "92185272",
            "ip_address": "91.99.142.148",
            "ip_network": null,
            "labels": null,
            "name": "fuzzer_ip",
            "type": "ipv4"
          },
          "sensitive_attributes": [],
          "private": "bnVsbA==",
          "dependencies": [
            "data.hcloud_datacenter.nuremberg"
          ]
        }
      ]
    },
    {
      "mode": "managed",
      "type": "hcloud_server",
      "name": "fuzzer",
      "provider": "provider[\"registry.terraform.io/hetznercloud/hcloud\"]",
      "instances": [
        {
          "schema_version": 0,
          "attributes": {
            "allow_deprecated_images": false,
            "backup_window": "",
            "backups": false,
            "datacenter": "nbg1-dc3",
            "delete_protection": false,
            "firewall_ids": [
              2203876
            ],
            "id": "65833600",
            "ignore_remote_firewall_ids": false,
            "image": "ubuntu-22.04",
            "ipv4_address": "91.99.142.148",
            "ipv6_address": "",
            "ipv6_network": "\u003cnil\u003e",
            "iso": null,
            "keep_disk": false,
            "labels": null,
            "location": "nbg1",
            "name": "fuzzer",
            "network": [],
            "placement_group_id": 0,
            "primary_disk_size": 40,
            "public_net": [
              {
                "ipv4": 92185272,
                "ipv4_enabled": true,
                "ipv6": 0,
                "ipv6_enabled": false
              }
            ],
            "rebuild_protection": false,
            "rescue": null,
            "server_type": "cpx11",
            "shutdown_before_deletion": false,
            "ssh_keys": [
              "14911648"
            ],
            "status": "running",
            "timeouts": null,
            "user_data": "Q52mENVnxPZIQ6xeD4wjuijunGY="
          },
          "sensitive_attributes": [],
          "private": "eyJlMmJmYjczMC1lY2FhLTExZTYtOGY4OC0zNDM2M2JjN2M0YzAiOnsiY3JlYXRlIjo1NDAwMDAwMDAwMDAwfX0=",
          "dependencies": [
            "data.hcloud_datacenter.nuremberg",
            "data.hcloud_ssh_key.github",
            "hcloud_firewall.fuzzer",
            "hcloud_primary_ip.fuzzer"
          ]
        }
      ]
    },
    {
      "mode": "managed",
      "type": "hcloud_volume",
      "name": "fuzzer01",
      "provider": "provider[\"registry.terraform.io/hetznercloud/hcloud\"]",
      "instances": [
        {
          "schema_version": 0,
          "attributes": {
            "automount": null,
            "delete_protection": false,
            "format": null,
            "id": "102757308",
            "labels": null,
            "linux_device": "/dev/disk/by-id/scsi-0HC_Volume_102757308",
            "location": "nbg1",
            "name": "fuzzer",
            "server_id": null,
            "size": 50
          },
          "sensitive_attributes": [],
          "private": "bnVsbA=="
        }
      ]
    },
    {
      "mode": "managed",
      "type": "hcloud_volume_attachment",
      "name": "fuzzer",
      "provider": "provider[\"registry.terraform.io/hetznercloud/hcloud\"]",
      "instances": [
        {
          "schema_version": 0,
          "attributes": {
            "automount": true,
            "id": "102757308",
            "server_id": 65833600,
            "volume_id": 102757308
          },
          "sensitive_attributes": [],
          "private": "bnVsbA==",
          "dependencies": [
            "data.hcloud_datacenter.nuremberg",
            "data.hcloud_ssh_key.github",
            "hcloud_firewall.fuzzer",
            "hcloud_primary_ip.fuzzer",
            "hcloud_server.fuzzer",
            "hcloud_volume.fuzzer01"
          ]
        }
      ]
    },
    {
      "mode": "managed",
      "type": "tls_private_key",
      "name": "exec_provider",
      "provider": "provider[\"registry.terraform.io/hashicorp/tls\"]",
      "instances": [
        {
          "schema_version": 1,
          "attributes": {
            "algorithm": "ED25519",
            "ecdsa_curve": "P224",
            "id": "80a17820f70bbb05dbce7906546c3c09bf72b8f1",
            "private_key_openssh": "-----BEGIN OPENSSH PRIVATE KEY-----\nb3BlbnNzaC1rZXktdjEAAAAABG5vbmUAAAAEbm9uZQAAAAAAAAABAAAAMwAAAAtz\nc2gtZWQyNTUxOQAAACCNrVGKY9FpTYiyn7kIAmskuTAjrtgaWGSV1W7uyX76kwAA\nAIgag300GoN9NAAAAAtzc2gtZWQyNTUxOQAAACCNrVGKY9FpTYiyn7kIAmskuTAj\nrtgaWGSV1W7uyX76kwAAAEB/NEIj2E4LvF+elLp1IU/L+EKODntdV0dfEo8eWOT/\nlo2tUYpj0WlNiLKfuQgCayS5MCOu2BpYZJXVbu7JfvqTAAAAAAECAwQF\n-----END OPENSSH PRIVATE KEY-----\n",
            "private_key_pem": "-----BEGIN PRIVATE KEY-----\nMC4CAQAwBQYDK2VwBCIEIH80QiPYTgu8X56UunUhT8v4Qo4Oe11XR18Sjx5Y5P+W\n-----END PRIVATE KEY-----\n",
            "private_key_pem_pkcs8": "-----BEGIN PRIVATE KEY-----\nMC4CAQAwBQYDK2VwBCIEIH80QiPYTgu8X56UunUhT8v4Qo4Oe11XR18Sjx5Y5P+W\n-----END PRIVATE KEY-----\n",
            "public_key_fingerprint_md5": "c6:cf:bd:ad:53:7a:b2:75:02:df:bd:27:08:ed:c7:62",
            "public_key_fingerprint_sha256": "SHA256:PTUYbv7xMX2ieNdnIC/rScuK36FfuqKMl/8VNaDxBe0",
            "public_key_openssh": "ssh-ed25519 AAAAC3NzaC1lZDI1NTE5AAAAII2tUYpj0WlNiLKfuQgCayS5MCOu2BpYZJXVbu7JfvqT\n",
            "public_key_pem": "-----BEGIN PUBLIC KEY-----\nMCowBQYDK2VwAyEAja1RimPRaU2Isp+5CAJrJLkwI67YGlhkldVu7sl++pM=\n-----END PUBLIC KEY-----\n",
            "rsa_bits": 2048
          },
          "sensitive_attributes": [
            [
              {
                "type": "get_attr",
                "value": "private_key_openssh"
              }
            ],
            [
              {
                "type": "get_attr",
                "value": "private_key_pem_pkcs8"
              }
            ],
            [
              {
                "type": "get_attr",
                "value": "private_key_pem"
              }
            ]
          ]
        }
      ]
    }
  ],
  "check_results": null
}
