{
  "version": 4,
  "terraform_version": "1.11.4",
  "serial": 268,
  "lineage": "7dd5c0b5-1e20-c01b-4b6a-c7ed999f603b",
  "outputs": {
    "fuzzer_ip": {
      "value": "195.201.224.175",
      "type": "string"
    }
  },
  "resources": [
    {
      "mode": "data",
      "type": "hcloud_datacenter",
      "name": "nuremberg",
      "provider": "provider[\"registry.terraform.io/hetznercloud/hcloud\"]",
      "instances": [
        {
          "schema_version": 0,
          "attributes": {
            "available_server_type_ids": [
              22,
              23,
              24,
              25,
              26,
              45,
              93,
              94,
              95,
              96,
              97,
              98,
              99,
              100,
              101
            ],
            "description": "Nuremberg 1 virtual DC 3",
            "id": 2,
            "location": {
              "city": "Nuremberg",
              "country": "DE",
              "description": "Nuremberg DC Park 1",
              "id": "2",
              "latitude": "49.452102",
              "longitude": "11.076665",
              "name": "nbg1"
            },
            "name": "nbg1-dc3",
            "supported_server_type_ids": [
              22,
              23,
              24,
              25,
              26,
              45,
              93,
              94,
              95,
              96,
              97,
              98,
              99,
              100,
              101,
              104,
              105,
              106,
              107
            ]
          },
          "sensitive_attributes": []
        }
      ]
    },
    {
      "mode": "managed",
      "type": "hcloud_firewall",
      "name": "fuzzer",
      "provider": "provider[\"registry.terraform.io/hetznercloud/hcloud\"]",
      "instances": [
        {
          "schema_version": 0,
          "attributes": {
            "apply_to": [
              {
                "label_selector": "",
                "server": 107426787
              }
            ],
            "id": "2383976",
            "labels": {},
            "name": "fuzzer-firewall",
            "rule": [
              {
                "description": "",
                "destination_ips": [],
                "direction": "in",
                "port": "",
                "protocol": "icmp",
                "source_ips": [
                  "0.0.0.0/0",
                  "::/0"
                ]
              },
              {
                "description": "",
                "destination_ips": [],
                "direction": "in",
                "port": "22",
                "protocol": "tcp",
                "source_ips": [
                  "0.0.0.0/0",
                  "::/0"
                ]
              },
              {
                "description": "",
                "destination_ips": [],
                "direction": "in",
                "port": "443",
                "protocol": "tcp",
                "source_ips": [
                  "0.0.0.0/0",
                  "::/0"
                ]
              },
              {
                "description": "",
                "destination_ips": [],
                "direction": "in",
                "port": "80",
                "protocol": "tcp",
                "source_ips": [
                  "0.0.0.0/0",
                  "::/0"
                ]
              }
            ]
          },
          "sensitive_attributes": [],
          "private": "bnVsbA=="
        }
      ]
    },
    {
      "mode": "managed",
      "type": "hcloud_primary_ip",
      "name": "fuzzer",
      "provider": "provider[\"registry.terraform.io/hetznercloud/hcloud\"]",
      "instances": [
        {
          "schema_version": 0,
          "attributes": {
            "assignee_id": 107426787,
            "assignee_type": "server",
            "auto_delete": true,
            "datacenter": "nbg1-dc3",
            "delete_protection": false,
            "id": "99215315",
            "ip_address": "195.201.224.175",
            "ip_network": null,
            "labels": {},
            "name": "fuzzer_ip",
            "type": "ipv4"
          },
          "sensitive_attributes": [],
          "private": "bnVsbA==",
          "dependencies": [
            "data.hcloud_datacenter.nuremberg"
          ]
        }
      ]
    },
    {
      "mode": "managed",
      "type": "hcloud_server",
      "name": "fuzzer",
      "provider": "provider[\"registry.terraform.io/hetznercloud/hcloud\"]",
      "instances": [
        {
          "schema_version": 0,
          "attributes": {
            "allow_deprecated_images": false,
            "backup_window": "",
            "backups": false,
            "datacenter": "nbg1-dc3",
            "delete_protection": false,
            "firewall_ids": [
              2383976
            ],
            "id": "107426787",
            "ignore_remote_firewall_ids": false,
            "image": "ubuntu-22.04",
            "ipv4_address": "195.201.224.175",
            "ipv6_address": "",
            "ipv6_network": "\u003cnil\u003e",
            "iso": null,
            "keep_disk": false,
            "labels": {},
            "location": "nbg1",
            "name": "fuzzer",
            "network": [],
            "placement_group_id": 0,
            "primary_disk_size": 40,
            "public_net": [
              {
                "ipv4": 99215315,
                "ipv4_enabled": true,
                "ipv6": 0,
                "ipv6_enabled": false
              }
            ],
            "rebuild_protection": false,
            "rescue": null,
            "server_type": "cpx11",
            "shutdown_before_deletion": false,
            "ssh_keys": [
              "101204947"
            ],
            "status": "running",
            "timeouts": null,
            "user_data": "Q52mENVnxPZIQ6xeD4wjuijunGY="
          },
          "sensitive_attributes": [],
          "private": "eyJlMmJmYjczMC1lY2FhLTExZTYtOGY4OC0zNDM2M2JjN2M0YzAiOnsiY3JlYXRlIjo1NDAwMDAwMDAwMDAwfX0=",
          "dependencies": [
            "data.hcloud_datacenter.nuremberg",
            "hcloud_firewall.fuzzer",
            "hcloud_primary_ip.fuzzer",
            "hcloud_ssh_key.terraform"
          ]
        }
      ]
    },
    {
      "mode": "managed",
      "type": "hcloud_ssh_key",
      "name": "terraform",
      "provider": "provider[\"registry.terraform.io/hetznercloud/hcloud\"]",
      "instances": [
        {
          "schema_version": 0,
          "attributes": {
            "fingerprint": "52:e4:7d:c9:49:14:80:2b:32:c7:3e:ba:ff:21:7a:57",
            "id": "101204947",
            "labels": {},
            "name": "terraform-fuzzer",
            "public_key": "ssh-ed25519 AAAAC3NzaC1lZDI1NTE5AAAAIGJIbVTc9cPV9cEJ+uwe0T92NDb74WebWdc1cIprJrKd terraform-fuzzer\n"
          },
          "sensitive_attributes": []
        }
      ]
    },
    {
      "mode": "managed",
      "type": "hcloud_volume",
      "name": "fuzzer01",
      "provider": "provider[\"registry.terraform.io/hetznercloud/hcloud\"]",
      "instances": [
        {
          "schema_version": 0,
          "attributes": {
            "automount": null,
            "delete_protection": false,
            "format": null,
            "id": "103218878",
            "labels": {},
            "linux_device": "/dev/disk/by-id/scsi-0HC_Volume_103218878",
            "location": "nbg1",
            "name": "fuzzer",
            "server_id": 107426787,
            "size": 50
          },
          "sensitive_attributes": [],
          "private": "bnVsbA=="
        }
      ]
    },
    {
      "mode": "managed",
      "type": "hcloud_volume_attachment",
      "name": "fuzzer",
      "provider": "provider[\"registry.terraform.io/hetznercloud/hcloud\"]",
      "instances": [
        {
          "schema_version": 0,
          "attributes": {
            "automount": true,
            "id": "103218878",
            "server_id": 107426787,
            "volume_id": 103218878
          },
          "sensitive_attributes": [],
          "private": "bnVsbA==",
          "dependencies": [
            "data.hcloud_datacenter.nuremberg",
            "hcloud_firewall.fuzzer",
            "hcloud_primary_ip.fuzzer",
            "hcloud_server.fuzzer",
            "hcloud_ssh_key.terraform",
            "hcloud_volume.fuzzer01"
          ]
        }
      ]
    },
    {
      "mode": "managed",
      "type": "null_resource",
      "name": "upload_xpdf",
      "provider": "provider[\"registry.terraform.io/hashicorp/null\"]",
      "instances": [
        {
          "schema_version": 0,
          "attributes": {
            "id": "8264234938881061959",
            "triggers": null
          },
          "sensitive_attributes": [],
          "dependencies": [
            "data.hcloud_datacenter.nuremberg",
            "hcloud_firewall.fuzzer",
            "hcloud_primary_ip.fuzzer",
            "hcloud_server.fuzzer",
            "hcloud_ssh_key.terraform",
            "hcloud_volume.fuzzer01",
            "hcloud_volume_attachment.fuzzer",
            "time_sleep.wait_for_nixos_infect"
          ]
        }
      ]
    },
    {
      "mode": "managed",
      "type": "time_sleep",
      "name": "retry_delay",
      "provider": "provider[\"registry.terraform.io/hashicorp/time\"]",
      "instances": [
        {
          "schema_version": 0,
          "attributes": {
            "create_duration": "2m",
            "destroy_duration": null,
            "id": "2025-08-26T06:51:29Z",
            "triggers": null
          },
          "sensitive_attributes": []
        }
      ]
    },
    {
      "mode": "managed",
      "type": "time_sleep",
      "name": "wait_for_nixos_infect",
      "provider": "provider[\"registry.terraform.io/hashicorp/time\"]",
      "instances": [
        {
          "schema_version": 0,
          "attributes": {
            "create_duration": "5m",
            "destroy_duration": null,
            "id": "2025-08-26T06:55:10Z",
            "triggers": null
          },
          "sensitive_attributes": [],
          "dependencies": [
            "data.hcloud_datacenter.nuremberg",
            "hcloud_firewall.fuzzer",
            "hcloud_primary_ip.fuzzer",
            "hcloud_server.fuzzer",
            "hcloud_ssh_key.terraform",
            "hcloud_volume.fuzzer01",
            "hcloud_volume_attachment.fuzzer"
          ]
        }
      ]
    }
  ],
  "check_results": null
}
